{
  "name": "@writetome51/get-median",
  "version": "2.0.3",
  "lockfileVersion": 1,
  "requires": true,
  "dependencies": {
    "@writetome51/array-get-copy": {
      "version": "1.1.3",
      "resolved": "https://registry.npmjs.org/@writetome51/array-get-copy/-/array-get-copy-1.1.3.tgz",
      "integrity": "sha512-ulwqCOpeB2V+2QkCCaMLzW42OaC3WnKGnPebyBX7yxoWm8/rsTBogqaHYQCPs1/h/cKCVdpnl4zyy9dLWVwCbA==",
      "requires": {
        "@writetome51/array-get-merged-arrays": "~1.1.3",
        "error-if-not-array": "~1.0.0"
      }
    },
    "@writetome51/array-get-merged-arrays": {
      "version": "1.1.3",
      "resolved": "https://registry.npmjs.org/@writetome51/array-get-merged-arrays/-/array-get-merged-arrays-1.1.3.tgz",
      "integrity": "sha512-wr8F9SnZI0TkwtLfV9jSOfXYZZEglH6Tw4KiI4e2LdLpdKVMBJwNi2kN+5GgZsdxK70S6BRDKDKBJ0tz9gnJXQ==",
      "requires": {
        "error-if-not-array": "~1.0.0"
      }
    },
    "@writetome51/get-in-numeric-order": {
      "version": "1.0.1",
      "resolved": "https://registry.npmjs.org/@writetome51/get-in-numeric-order/-/get-in-numeric-order-1.0.1.tgz",
      "integrity": "sha512-p1djtPcDqtGFc+OgawTY8SJQr7r5wF3zpRLe2OqXQ+37IHWnHe6IXbR5OD9sPEtwptPYWtstsIYB7fDigWJxLw==",
      "requires": {
        "@writetome51/array-get-copy": "~1.1.3",
        "@writetome51/array-get-merged-arrays": "~1.1.3",
        "@writetome51/get-sum-average-product": "~1.0.6",
        "@writetome51/in-numeric-order": "~1.0.1",
        "@writetome51/is-array-not-array": "~1.0.0"
      }
    },
    "@writetome51/get-left-of-decimal": {
      "version": "1.0.5",
      "resolved": "https://registry.npmjs.org/@writetome51/get-left-of-decimal/-/get-left-of-decimal-1.0.5.tgz",
      "integrity": "sha512-9kypz4kiqJLXhaerpHkJvn54b235ZwQBdGqu0hoP86LGiQILWh4gFFUa80woSKMqE/J3mTSd+Yi31kAZNEp5VQ==",
      "requires": {
        "error-if-not-finite-number": "~1.0.0"
      }
    },
    "@writetome51/get-rounded-up-down": {
      "version": "1.0.10",
      "resolved": "https://registry.npmjs.org/@writetome51/get-rounded-up-down/-/get-rounded-up-down-1.0.10.tgz",
      "integrity": "sha512-PujfdEN4+hZV/LLdbAki2iLPO+kB2WPem2OoevUIq6srBwbWE9NIsmBO4DUPVwTPOJYvdlEXtofvTnTKs3i0VA==",
      "requires": {
        "@writetome51/get-left-of-decimal": "~1.0.5",
        "@writetome51/is-integer-is-float": "~1.0.0",
        "error-if-not-finite-number": "~1.0.0"
      }
    },
    "@writetome51/get-sum-average-product": {
      "version": "1.0.6",
      "resolved": "https://registry.npmjs.org/@writetome51/get-sum-average-product/-/get-sum-average-product-1.0.6.tgz",
      "integrity": "sha512-TEGDF7bW2SzXUNUhYfXJr2yfmf96o5defvUkP0Bn3PKC1ijYeK5rSJ7oCT59o2RGBG763vpuvzoEg97DZ2CgzQ==",
      "requires": {
        "error-if-not-finite-number": "~1.0.0",
        "error-if-not-populated-array": "~1.0.2"
      }
    },
    "@writetome51/in-numeric-order": {
      "version": "1.0.1",
      "resolved": "https://registry.npmjs.org/@writetome51/in-numeric-order/-/in-numeric-order-1.0.1.tgz",
      "integrity": "sha512-Age2uXE1bO/YSlwJUacF6zEIPWljvJNQdoznU7KP5vHOymnOoHdoTBsSEvJfSo0kMrvWXLi0hSUZw2g9slKYUA==",
      "requires": {
        "error-if-not-finite-number": "~1.0.0",
        "error-if-not-populated-array": "~1.0.2"
      }
    },
    "@writetome51/is-array-not-array": {
      "version": "1.0.0",
      "resolved": "https://registry.npmjs.org/@writetome51/is-array-not-array/-/is-array-not-array-1.0.0.tgz",
      "integrity": "sha512-u3L1FTbTXKbC1lBVSnBwJ24qtrnyz10IbSAk7E9UgoYnn7jFw9+HuIVseoSIxPnPbn6JXesPDVLI/MYSey4rJQ=="
    },
    "@writetome51/is-empty-not-empty": {
      "version": "1.0.0",
      "resolved": "https://registry.npmjs.org/@writetome51/is-empty-not-empty/-/is-empty-not-empty-1.0.0.tgz",
      "integrity": "sha512-BHPiP5bHtY5+CMUpfMlMfnU+i/9aKtQTgPy+DSlnAe1u49afxLebO70CSK8c5qbFyQizoN1HEX1cbZiyY8jsfw==",
      "requires": {
        "error-if-not-integer-zero-or-greater": "~1.0.0"
      }
    },
    "@writetome51/is-finite-number": {
      "version": "1.0.0",
      "resolved": "https://registry.npmjs.org/@writetome51/is-finite-number/-/is-finite-number-1.0.0.tgz",
      "integrity": "sha512-xr1amNVh4HAfVbv9YbzGPvyo0gRykdwODNap3xMlhXIHkZJIuEsfRpuQzPkiEf+AWDxy/dcdwzVP9JMOnu8dUg=="
    },
    "@writetome51/is-integer-is-float": {
      "version": "1.0.0",
      "resolved": "https://registry.npmjs.org/@writetome51/is-integer-is-float/-/is-integer-is-float-1.0.0.tgz",
      "integrity": "sha512-j2qLoQaxXzwctUkWvj6Ce02qhoO0e79jCC1aHYG5wD0tapjlKSHfmXeV22Wtnba/Hg+ajSxvMYAhczKwBwa9pA==",
      "requires": {
        "@writetome51/is-finite-number": "~1.0.0"
      }
    },
    "@writetome51/is-odd-is-even": {
      "version": "1.0.3",
      "resolved": "https://registry.npmjs.org/@writetome51/is-odd-is-even/-/is-odd-is-even-1.0.3.tgz",
      "integrity": "sha512-ZUqLwhVcArK4sXglt/epi2Bqp4MqOIGIW+GSwv7/ANOgRx02F6BelXlocVrESqXZgkVGnKeklt73a916fviolA==",
      "requires": {
        "error-if-not-integer": "~1.0.0"
      }
    },
    "error-if-not-all-finite-numbers": {
      "version": "1.0.0",
      "resolved": "https://registry.npmjs.org/error-if-not-all-finite-numbers/-/error-if-not-all-finite-numbers-1.0.0.tgz",
      "integrity": "sha512-otH2vBlGw0aC3hBXT3oKvwRZ8tOAm+4v4S3hszN4lwWOFQsxrMbAZTtY3WLmwon/W0Sfp0F86Wds43TiwulsXg==",
      "requires": {
        "error-if-not-finite-number": "~1.0.0"
      }
    },
    "error-if-not-array": {
      "version": "1.0.0",
      "resolved": "https://registry.npmjs.org/error-if-not-array/-/error-if-not-array-1.0.0.tgz",
      "integrity": "sha512-Rh2IEwUKK9+60FnaBBJxaLwF8V2NrQPOBSJQePZqzCNUp+n6ETIOfyA4tKfoN8xaCD2dawmiRMWKgErM6vjE8Q==",
      "requires": {
        "@writetome51/is-array-not-array": "~1.0.0"
      }
    },
    "error-if-not-finite-number": {
      "version": "1.0.0",
      "resolved": "https://registry.npmjs.org/error-if-not-finite-number/-/error-if-not-finite-number-1.0.0.tgz",
      "integrity": "sha512-/G8OPGiHP4NLTuXmx28oOGCuj+KSyoOcor5ON3j8IVVR7aDGVA2LbZzyQXRGS2BTaMt0GnROR7amgzpXku2H5w==",
      "requires": {
        "@writetome51/is-finite-number": "~1.0.0"
      }
    },
    "error-if-not-integer": {
      "version": "1.0.0",
      "resolved": "https://registry.npmjs.org/error-if-not-integer/-/error-if-not-integer-1.0.0.tgz",
      "integrity": "sha512-Ut8ZDsm8/y1lB/rbByzZXbx61db7t2zh9LsjtsiIKFQiWhlZw3cFBMt0fU3DrakhVfZVD50txCX9gClde3abDw==",
      "requires": {
        "@writetome51/is-integer-is-float": "~1.0.0",
        "error-if-not-finite-number": "~1.0.0"
      }
    },
    "error-if-not-integer-zero-or-greater": {
      "version": "1.0.0",
      "resolved": "https://registry.npmjs.org/error-if-not-integer-zero-or-greater/-/error-if-not-integer-zero-or-greater-1.0.0.tgz",
      "integrity": "sha512-m+KocWV9yaF0eZaLbwtz8jD7cfpiZWqDc9cOLe/4QJfp/lpqlJUVan1CcbUsGciFwUYQdSybyy6gxD9jsDkSIw==",
      "requires": {
        "error-if-not-integer": "~1.0.0"
      }
    },
    "error-if-not-populated-array": {
      "version": "1.0.2",
      "resolved": "https://registry.npmjs.org/error-if-not-populated-array/-/error-if-not-populated-array-1.0.2.tgz",
      "integrity": "sha512-bFGX8NA1rc5WQIY7LYfUVXejHtdROdnCbg5lDS0d3cXsOMR9WQe1F5F50WhZdT5a+VlbNUw4Qfml4tMmQBDeHA==",
      "requires": {
        "@writetome51/is-empty-not-empty": "~1.0.0",
        "error-if-not-array": "~1.0.0"
      }
    }
  }
}
